# THIS IS AN AUTOGENERATED FILE. DO NOT EDIT THIS FILE DIRECTLY.
# yarn lockfile v1


"@fortawesome/fontawesome-free@^5.15.4":
  "integrity" "sha512-eYm8vijH/hpzr/6/1CJ/V/Eb1xQFW2nnUKArb3z+yUWv7HTwj6M7SP957oMjfZjAHU6qpoNc2wQvIxBLWYa/Jg=="
  "resolved" "https://registry.npmjs.org/@fortawesome/fontawesome-free/-/fontawesome-free-5.15.4.tgz"
  "version" "5.15.4"

"amdefine@>=0.0.4":
  "integrity" "sha1-SlKCrBZHKek2Gbz9OtFR+BfOkfU="
  "resolved" "https://registry.npmjs.org/amdefine/-/amdefine-1.0.1.tgz"
  "version" "1.0.1"

"async@~0.2.6":
  "integrity" "sha1-trvgsGdLnXGXCMo43owjfLUmw9E="
  "resolved" "https://registry.npmjs.org/async/-/async-0.2.10.tgz"
  "version" "0.2.10"

"chokidar@~0.8.0":
  "integrity" "sha1-OytQZoFwhlNLqBoJK9z0viW4vuA="
  "resolved" "https://registry.npmjs.org/chokidar/-/chokidar-0.8.4.tgz"
  "version" "0.8.4"
  optionalDependencies:
    "fsevents" "pipobscure/fsevents#7dcdf9fa3f8956610fd6f69f72c67bace2de7138"
    "recursive-readdir" "0.0.2"

"easyioc@~0.1.10":
  "integrity" "sha1-o+67xNyyZnmu0XI6mfl8VOCwJu0="
  "resolved" "https://registry.npmjs.org/easyioc/-/easyioc-0.1.13.tgz"
  "version" "0.1.13"
  dependencies:
    "lodash-node" "~2.4.0"

"encore@^0.0.30-beta":
  "integrity" "sha1-zhqSS+xAAFH8qJP+NhDIyHyZZXo="
  "resolved" "https://registry.npmjs.org/encore/-/encore-0.0.30-beta.tgz"
  "version" "0.0.30-beta"
  dependencies:
    "chokidar" "~0.8.0"
    "easyioc" "~0.1.10"
    "filefetcher" "0.0.1"
    "handlebars" "~1.2.0"
    "lodash-node" "~2.4.0"
    "runway" "~3.15.47-beta"

"filefetcher@0.0.1":
  "integrity" "sha1-4bHQUBrIC0uESLjeaZ54ZwxXlKU="
  "resolved" "https://registry.npmjs.org/filefetcher/-/filefetcher-0.0.1.tgz"
  "version" "0.0.1"

"handlebars@~1.2.0":
  "integrity" "sha1-CpAWN5Bk+JV3eb3CgShpEgq6nZg="
  "resolved" "https://registry.npmjs.org/handlebars/-/handlebars-1.2.1.tgz"
  "version" "1.2.1"
  dependencies:
    "optimist" "~0.3"
  optionalDependencies:
    "uglify-js" "~2.3"

"lodash-node@~2.4.0", "lodash-node@~2.4.1":
  "integrity" "sha1-6oL3sQDHM9GkKvdoAeUGEF4qgOw="
  "resolved" "https://registry.npmjs.org/lodash-node/-/lodash-node-2.4.1.tgz"
  "version" "2.4.1"

"optimist@~0.3", "optimist@~0.3.5":
  "integrity" "sha1-yQlBrVnkJzMokjB00s8ufLxuwNk="
  "resolved" "https://registry.npmjs.org/optimist/-/optimist-0.3.7.tgz"
  "version" "0.3.7"
  dependencies:
    "wordwrap" "~0.0.2"

"recursive-readdir@0.0.2":
  "integrity" "sha1-C8R9xIOOZG3M+6BQe15X/7/zX3w="
  "resolved" "https://registry.npmjs.org/recursive-readdir/-/recursive-readdir-0.0.2.tgz"
  "version" "0.0.2"

"runway@~3.15.47-beta":
  "integrity" "sha1-QlBBKSqwFHf6M6CyjParlr2TV9w="
  "resolved" "https://registry.npmjs.org/runway/-/runway-3.15.47-beta.tgz"
  "version" "3.15.47-beta"
  dependencies:
    "lodash-node" "~2.4.1"

"source-map@~0.1.7":
  "integrity" "sha1-wkvBRspRfBRx9drL4lcbK3+eM0Y="
  "resolved" "https://registry.npmjs.org/source-map/-/source-map-0.1.43.tgz"
  "version" "0.1.43"
  dependencies:
    "amdefine" ">=0.0.4"

"uglify-js@~2.3":
  "integrity" "sha1-+gmEdwtCi3qbKoBY9GNV0U/vIRo="
  "resolved" "https://registry.npmjs.org/uglify-js/-/uglify-js-2.3.6.tgz"
  "version" "2.3.6"
  dependencies:
    "async" "~0.2.6"
    "optimist" "~0.3.5"
    "source-map" "~0.1.7"

"wordwrap@~0.0.2":
  "integrity" "sha1-o9XabNXAvAAI03I0u68b7WMFkQc="
  "resolved" "https://registry.npmjs.org/wordwrap/-/wordwrap-0.0.3.tgz"
  "version" "0.0.3"
